
Microsoft Visual Studio Solution File, Format Version 12.00
# Visual Studio Version 17
VisualStudioVersion = 17.13.35919.96 d17.13
MinimumVisualStudioVersion = 10.0.40219.1
Project("{8BC9CEB8-8B4A-11D0-8D11-00A0C91BC942}") = "CarXBot", "CarXBot\CarXBot.vcxproj", "{87587D88-1BBC-4396-A89A-3BF9601FDAD9}"
EndProject
Global
	GlobalSection(SolutionConfigurationPlatforms) = preSolution
		Debug|x64 = Debug|x64
		Debug|x86 = Debug|x86
		Release|x64 = Release|x64
		Release|x86 = Release|x86
	EndGlobalSection
	GlobalSection(ProjectConfigurationPlatforms) = postSolution
		{87587D88-1BBC-4396-A89A-3BF9601FDAD9}.Debug|x64.ActiveCfg = Debug|x64
		{87587D88-1BBC-4396-A89A-3BF9601FDAD9}.Debug|x64.Build.0 = Debug|x64
		{87587D88-1BBC-4396-A89A-3BF9601FDAD9}.Debug|x86.ActiveCfg = Debug|Win32
		{87587D88-1BBC-4396-A89A-3BF9601FDAD9}.Debug|x86.Build.0 = Debug|Win32
		{87587D88-1BBC-4396-A89A-3BF9601FDAD9}.Release|x64.ActiveCfg = Release|x64
		{87587D88-1BBC-4396-A89A-3BF9601FDAD9}.Release|x64.Build.0 = Release|x64
		{87587D88-1BBC-4396-A89A-3BF9601FDAD9}.Release|x86.ActiveCfg = Release|Win32
		{87587D88-1BBC-4396-A89A-3BF9601FDAD9}.Release|x86.Build.0 = Release|Win32
	EndGlobalSection
	GlobalSection(SolutionProperties) = preSolution
		HideSolutionNode = FALSE
	EndGlobalSection
	GlobalSection(ExtensibilityGlobals) = postSolution
		SolutionGuid = {5C66A4DA-D0D3-4528-A486-7BC3E75A6DBE}
	EndGlobalSection
EndGlobal
